
Microsoft Visual Studio Solution File, Format Version 12.00
# Visual Studio Version 16
VisualStudioVersion = 16.0.31105.61
MinimumVisualStudioVersion = 10.0.40219.1
Project("{8BC9CEB8-8B4A-11D0-8D11-00A0C91BC942}") = "LAB3_1", "LAB3_1\LAB3_1.vcxproj", "{178319F8-D81A-4B7C-826C-F66FEACD0356}"
EndProject
Project("{8BC9CEB8-8B4A-11D0-8D11-00A0C91BC942}") = "LAB3_2", "LAB3_2\LAB3_2.vcxproj", "{354C3BCC-A8B9-488B-B9C4-A3B78C4D4258}"
EndProject
Project("{8BC9CEB8-8B4A-11D0-8D11-00A0C91BC942}") = "LAB3_3", "LAB3_3\LAB3_3.vcxproj", "{9E6940A5-52FD-4816-B0B6-19D6E14551F6}"
EndProject
Project("{8BC9CEB8-8B4A-11D0-8D11-00A0C91BC942}") = "LAB3_4", "LAB3_4\LAB3_4.vcxproj", "{5D72FDBF-FC2D-4B2D-80C3-8B9CB1862FA7}"
EndProject
Project("{8BC9CEB8-8B4A-11D0-8D11-00A0C91BC942}") = "HW3_1", "HW3_1\HW3_1.vcxproj", "{50782959-85D9-47AA-A84C-B7FF05174C38}"
EndProject
Project("{8BC9CEB8-8B4A-11D0-8D11-00A0C91BC942}") = "HW3_2", "HW3_2\HW3_2.vcxproj", "{62D6DAE0-AD60-4FD4-B52C-389EBDEB769C}"
EndProject
Project("{8BC9CEB8-8B4A-11D0-8D11-00A0C91BC942}") = "HW3_3", "HW3_3\HW3_3.vcxproj", "{24010421-EE46-404B-8378-89D0572D718A}"
EndProject
Project("{8BC9CEB8-8B4A-11D0-8D11-00A0C91BC942}") = "HW3_4", "HW3_4\HW3_4.vcxproj", "{F3571532-2E79-4672-95B3-5C6EAFF3B4DA}"
EndProject
Global
	GlobalSection(SolutionConfigurationPlatforms) = preSolution
		Debug|x64 = Debug|x64
		Debug|x86 = Debug|x86
		Release|x64 = Release|x64
		Release|x86 = Release|x86
	EndGlobalSection
	GlobalSection(ProjectConfigurationPlatforms) = postSolution
		{178319F8-D81A-4B7C-826C-F66FEACD0356}.Debug|x64.ActiveCfg = Debug|x64
		{178319F8-D81A-4B7C-826C-F66FEACD0356}.Debug|x64.Build.0 = Debug|x64
		{178319F8-D81A-4B7C-826C-F66FEACD0356}.Debug|x86.ActiveCfg = Debug|Win32
		{178319F8-D81A-4B7C-826C-F66FEACD0356}.Debug|x86.Build.0 = Debug|Win32
		{178319F8-D81A-4B7C-826C-F66FEACD0356}.Release|x64.ActiveCfg = Release|x64
		{178319F8-D81A-4B7C-826C-F66FEACD0356}.Release|x64.Build.0 = Release|x64
		{178319F8-D81A-4B7C-826C-F66FEACD0356}.Release|x86.ActiveCfg = Release|Win32
		{178319F8-D81A-4B7C-826C-F66FEACD0356}.Release|x86.Build.0 = Release|Win32
		{354C3BCC-A8B9-488B-B9C4-A3B78C4D4258}.Debug|x64.ActiveCfg = Debug|x64
		{354C3BCC-A8B9-488B-B9C4-A3B78C4D4258}.Debug|x64.Build.0 = Debug|x64
		{354C3BCC-A8B9-488B-B9C4-A3B78C4D4258}.Debug|x86.ActiveCfg = Debug|Win32
		{354C3BCC-A8B9-488B-B9C4-A3B78C4D4258}.Debug|x86.Build.0 = Debug|Win32
		{354C3BCC-A8B9-488B-B9C4-A3B78C4D4258}.Release|x64.ActiveCfg = Release|x64
		{354C3BCC-A8B9-488B-B9C4-A3B78C4D4258}.Release|x64.Build.0 = Release|x64
		{354C3BCC-A8B9-488B-B9C4-A3B78C4D4258}.Release|x86.ActiveCfg = Release|Win32
		{354C3BCC-A8B9-488B-B9C4-A3B78C4D4258}.Release|x86.Build.0 = Release|Win32
		{9E6940A5-52FD-4816-B0B6-19D6E14551F6}.Debug|x64.ActiveCfg = Debug|x64
		{9E6940A5-52FD-4816-B0B6-19D6E14551F6}.Debug|x64.Build.0 = Debug|x64
		{9E6940A5-52FD-4816-B0B6-19D6E14551F6}.Debug|x86.ActiveCfg = Debug|Win32
		{9E6940A5-52FD-4816-B0B6-19D6E14551F6}.Debug|x86.Build.0 = Debug|Win32
		{9E6940A5-52FD-4816-B0B6-19D6E14551F6}.Release|x64.ActiveCfg = Release|x64
		{9E6940A5-52FD-4816-B0B6-19D6E14551F6}.Release|x64.Build.0 = Release|x64
		{9E6940A5-52FD-4816-B0B6-19D6E14551F6}.Release|x86.ActiveCfg = Release|Win32
		{9E6940A5-52FD-4816-B0B6-19D6E14551F6}.Release|x86.Build.0 = Release|Win32
		{5D72FDBF-FC2D-4B2D-80C3-8B9CB1862FA7}.Debug|x64.ActiveCfg = Debug|x64
		{5D72FDBF-FC2D-4B2D-80C3-8B9CB1862FA7}.Debug|x64.Build.0 = Debug|x64
		{5D72FDBF-FC2D-4B2D-80C3-8B9CB1862FA7}.Debug|x86.ActiveCfg = Debug|Win32
		{5D72FDBF-FC2D-4B2D-80C3-8B9CB1862FA7}.Debug|x86.Build.0 = Debug|Win32
		{5D72FDBF-FC2D-4B2D-80C3-8B9CB1862FA7}.Release|x64.ActiveCfg = Release|x64
		{5D72FDBF-FC2D-4B2D-80C3-8B9CB1862FA7}.Release|x64.Build.0 = Release|x64
		{5D72FDBF-FC2D-4B2D-80C3-8B9CB1862FA7}.Release|x86.ActiveCfg = Release|Win32
		{5D72FDBF-FC2D-4B2D-80C3-8B9CB1862FA7}.Release|x86.Build.0 = Release|Win32
		{50782959-85D9-47AA-A84C-B7FF05174C38}.Debug|x64.ActiveCfg = Debug|x64
		{50782959-85D9-47AA-A84C-B7FF05174C38}.Debug|x64.Build.0 = Debug|x64
		{50782959-85D9-47AA-A84C-B7FF05174C38}.Debug|x86.ActiveCfg = Debug|Win32
		{50782959-85D9-47AA-A84C-B7FF05174C38}.Debug|x86.Build.0 = Debug|Win32
		{50782959-85D9-47AA-A84C-B7FF05174C38}.Release|x64.ActiveCfg = Release|x64
		{50782959-85D9-47AA-A84C-B7FF05174C38}.Release|x64.Build.0 = Release|x64
		{50782959-85D9-47AA-A84C-B7FF05174C38}.Release|x86.ActiveCfg = Release|Win32
		{50782959-85D9-47AA-A84C-B7FF05174C38}.Release|x86.Build.0 = Release|Win32
		{62D6DAE0-AD60-4FD4-B52C-389EBDEB769C}.Debug|x64.ActiveCfg = Debug|x64
		{62D6DAE0-AD60-4FD4-B52C-389EBDEB769C}.Debug|x64.Build.0 = Debug|x64
		{62D6DAE0-AD60-4FD4-B52C-389EBDEB769C}.Debug|x86.ActiveCfg = Debug|Win32
		{62D6DAE0-AD60-4FD4-B52C-389EBDEB769C}.Debug|x86.Build.0 = Debug|Win32
		{62D6DAE0-AD60-4FD4-B52C-389EBDEB769C}.Release|x64.ActiveCfg = Release|x64
		{62D6DAE0-AD60-4FD4-B52C-389EBDEB769C}.Release|x64.Build.0 = Release|x64
		{62D6DAE0-AD60-4FD4-B52C-389EBDEB769C}.Release|x86.ActiveCfg = Release|Win32
		{62D6DAE0-AD60-4FD4-B52C-389EBDEB769C}.Release|x86.Build.0 = Release|Win32
		{24010421-EE46-404B-8378-89D0572D718A}.Debug|x64.ActiveCfg = Debug|x64
		{24010421-EE46-404B-8378-89D0572D718A}.Debug|x64.Build.0 = Debug|x64
		{24010421-EE46-404B-8378-89D0572D718A}.Debug|x86.ActiveCfg = Debug|Win32
		{24010421-EE46-404B-8378-89D0572D718A}.Debug|x86.Build.0 = Debug|Win32
		{24010421-EE46-404B-8378-89D0572D718A}.Release|x64.ActiveCfg = Release|x64
		{24010421-EE46-404B-8378-89D0572D718A}.Release|x64.Build.0 = Release|x64
		{24010421-EE46-404B-8378-89D0572D718A}.Release|x86.ActiveCfg = Release|Win32
		{24010421-EE46-404B-8378-89D0572D718A}.Release|x86.Build.0 = Release|Win32
		{F3571532-2E79-4672-95B3-5C6EAFF3B4DA}.Debug|x64.ActiveCfg = Debug|x64
		{F3571532-2E79-4672-95B3-5C6EAFF3B4DA}.Debug|x64.Build.0 = Debug|x64
		{F3571532-2E79-4672-95B3-5C6EAFF3B4DA}.Debug|x86.ActiveCfg = Debug|Win32
		{F3571532-2E79-4672-95B3-5C6EAFF3B4DA}.Debug|x86.Build.0 = Debug|Win32
		{F3571532-2E79-4672-95B3-5C6EAFF3B4DA}.Release|x64.ActiveCfg = Release|x64
		{F3571532-2E79-4672-95B3-5C6EAFF3B4DA}.Release|x64.Build.0 = Release|x64
		{F3571532-2E79-4672-95B3-5C6EAFF3B4DA}.Release|x86.ActiveCfg = Release|Win32
		{F3571532-2E79-4672-95B3-5C6EAFF3B4DA}.Release|x86.Build.0 = Release|Win32
	EndGlobalSection
	GlobalSection(SolutionProperties) = preSolution
		HideSolutionNode = FALSE
	EndGlobalSection
	GlobalSection(ExtensibilityGlobals) = postSolution
		SolutionGuid = {36D92A90-5A9A-46DD-96E7-2C20434EB5A7}
	EndGlobalSection
EndGlobal
